
Microsoft Visual Studio Solution File, Format Version 12.00
# Visual Studio Version 16
VisualStudioVersion = 16.0.31025.218
MinimumVisualStudioVersion = 10.0.40219.1
Project("{9A19103F-16F7-4668-BE54-9A1E7A4F7556}") = "SEG.MVC", "SEG.MVC\SEG.MVC.csproj", "{DEC04D29-3FE0-46AA-A9C7-D4E5A6A68013}"
EndProject
Project("{9A19103F-16F7-4668-BE54-9A1E7A4F7556}") = "SEG.Domain", "SEG.Domain\SEG.Domain.csproj", "{F7166A5C-CD61-4290-8FF9-E744DA6A6646}"
EndProject
Project("{9A19103F-16F7-4668-BE54-9A1E7A4F7556}") = "SEG.Client", "SEG.Client\SEG.Client.csproj", "{C377A016-2D30-4E19-A88F-B62C9897927C}"
EndProject
Global
	GlobalSection(SolutionConfigurationPlatforms) = preSolution
		Debug|Any CPU = Debug|Any CPU
		Release|Any CPU = Release|Any CPU
	EndGlobalSection
	GlobalSection(ProjectConfigurationPlatforms) = postSolution
		{EF27B0A6-9078-4B19-BD4A-3E855AAEF166}.Debug|Any CPU.ActiveCfg = Debug|Any CPU
		{EF27B0A6-9078-4B19-BD4A-3E855AAEF166}.Debug|Any CPU.Build.0 = Debug|Any CPU
		{EF27B0A6-9078-4B19-BD4A-3E855AAEF166}.Release|Any CPU.ActiveCfg = Release|Any CPU
		{EF27B0A6-9078-4B19-BD4A-3E855AAEF166}.Release|Any CPU.Build.0 = Release|Any CPU
		{DEC04D29-3FE0-46AA-A9C7-D4E5A6A68013}.Debug|Any CPU.ActiveCfg = Debug|Any CPU
		{DEC04D29-3FE0-46AA-A9C7-D4E5A6A68013}.Debug|Any CPU.Build.0 = Debug|Any CPU
		{DEC04D29-3FE0-46AA-A9C7-D4E5A6A68013}.Release|Any CPU.ActiveCfg = Release|Any CPU
		{DEC04D29-3FE0-46AA-A9C7-D4E5A6A68013}.Release|Any CPU.Build.0 = Release|Any CPU
		{F7166A5C-CD61-4290-8FF9-E744DA6A6646}.Debug|Any CPU.ActiveCfg = Debug|Any CPU
		{F7166A5C-CD61-4290-8FF9-E744DA6A6646}.Debug|Any CPU.Build.0 = Debug|Any CPU
		{F7166A5C-CD61-4290-8FF9-E744DA6A6646}.Release|Any CPU.ActiveCfg = Release|Any CPU
		{F7166A5C-CD61-4290-8FF9-E744DA6A6646}.Release|Any CPU.Build.0 = Release|Any CPU
		{C377A016-2D30-4E19-A88F-B62C9897927C}.Debug|Any CPU.ActiveCfg = Debug|Any CPU
		{C377A016-2D30-4E19-A88F-B62C9897927C}.Debug|Any CPU.Build.0 = Debug|Any CPU
		{C377A016-2D30-4E19-A88F-B62C9897927C}.Release|Any CPU.ActiveCfg = Release|Any CPU
		{C377A016-2D30-4E19-A88F-B62C9897927C}.Release|Any CPU.Build.0 = Release|Any CPU
	EndGlobalSection
	GlobalSection(SolutionProperties) = preSolution
		HideSolutionNode = FALSE
	EndGlobalSection
	GlobalSection(ExtensibilityGlobals) = postSolution
		SolutionGuid = {F1E8B830-3087-4D6D-B3E9-ED84D227B4C9}
	EndGlobalSection
EndGlobal
